
Microsoft Visual Studio Solution File, Format Version 12.00
# Visual Studio Version 16
VisualStudioVersion = 16.0.31702.278
MinimumVisualStudioVersion = 10.0.40219.1
Project("{FAE04EC0-301F-11D3-BF4B-00C04F79EFBC}") = "PDPC-QuickSort", "PDPC-QuickSort.csproj", "{BF17AC22-66BA-4C0B-B1F3-1709E69F6963}"
EndProject
Global
	GlobalSection(SolutionConfigurationPlatforms) = preSolution
		Debug|Any CPU = Debug|Any CPU
		Release|Any CPU = Release|Any CPU
	EndGlobalSection
	GlobalSection(ProjectConfigurationPlatforms) = postSolution
		{BF17AC22-66BA-4C0B-B1F3-1709E69F6963}.Debug|Any CPU.ActiveCfg = Debug|Any CPU
		{BF17AC22-66BA-4C0B-B1F3-1709E69F6963}.Debug|Any CPU.Build.0 = Debug|Any CPU
		{BF17AC22-66BA-4C0B-B1F3-1709E69F6963}.Release|Any CPU.ActiveCfg = Release|Any CPU
		{BF17AC22-66BA-4C0B-B1F3-1709E69F6963}.Release|Any CPU.Build.0 = Release|Any CPU
	EndGlobalSection
	GlobalSection(SolutionProperties) = preSolution
		HideSolutionNode = FALSE
	EndGlobalSection
	GlobalSection(ExtensibilityGlobals) = postSolution
		SolutionGuid = {30289E4C-6F58-4EC5-8883-7EA4942D3BED}
	EndGlobalSection
EndGlobal
